
Microsoft Visual Studio Solution File, Format Version 12.00
# Visual Studio 14
VisualStudioVersion = 14.0.25123.0
MinimumVisualStudioVersion = 10.0.40219.1
Project("{FAE04EC0-301F-11D3-BF4B-00C04F79EFBC}") = "arrayMenu", "arrayMenu\arrayMenu.csproj", "{BDF41173-A2D4-4A82-A088-F5EEF3B2F150}"
EndProject
Project("{FAE04EC0-301F-11D3-BF4B-00C04F79EFBC}") = "BT_13_TienDienThoai", "BT_13_TienDienThoai\BT_13_TienDienThoai.csproj", "{C665D453-6D61-4558-AC37-8C6D32C572D8}"
EndProject
Project("{FAE04EC0-301F-11D3-BF4B-00C04F79EFBC}") = "BT_ArrayMax", "BT_ArrayMax\BT_ArrayMax.csproj", "{104CB6D5-A3B1-4E25-903C-2A7B520FB544}"
EndProject
Project("{FAE04EC0-301F-11D3-BF4B-00C04F79EFBC}") = "array", "array\array.csproj", "{2E7ABD05-6D03-4169-8CFA-B4FBCAAD7875}"
EndProject
Global
	GlobalSection(SolutionConfigurationPlatforms) = preSolution
		Debug|Any CPU = Debug|Any CPU
		Release|Any CPU = Release|Any CPU
	EndGlobalSection
	GlobalSection(ProjectConfigurationPlatforms) = postSolution
		{BDF41173-A2D4-4A82-A088-F5EEF3B2F150}.Debug|Any CPU.ActiveCfg = Debug|Any CPU
		{BDF41173-A2D4-4A82-A088-F5EEF3B2F150}.Debug|Any CPU.Build.0 = Debug|Any CPU
		{BDF41173-A2D4-4A82-A088-F5EEF3B2F150}.Release|Any CPU.ActiveCfg = Release|Any CPU
		{BDF41173-A2D4-4A82-A088-F5EEF3B2F150}.Release|Any CPU.Build.0 = Release|Any CPU
		{C665D453-6D61-4558-AC37-8C6D32C572D8}.Debug|Any CPU.ActiveCfg = Debug|Any CPU
		{C665D453-6D61-4558-AC37-8C6D32C572D8}.Debug|Any CPU.Build.0 = Debug|Any CPU
		{C665D453-6D61-4558-AC37-8C6D32C572D8}.Release|Any CPU.ActiveCfg = Release|Any CPU
		{C665D453-6D61-4558-AC37-8C6D32C572D8}.Release|Any CPU.Build.0 = Release|Any CPU
		{104CB6D5-A3B1-4E25-903C-2A7B520FB544}.Debug|Any CPU.ActiveCfg = Debug|Any CPU
		{104CB6D5-A3B1-4E25-903C-2A7B520FB544}.Debug|Any CPU.Build.0 = Debug|Any CPU
		{104CB6D5-A3B1-4E25-903C-2A7B520FB544}.Release|Any CPU.ActiveCfg = Release|Any CPU
		{104CB6D5-A3B1-4E25-903C-2A7B520FB544}.Release|Any CPU.Build.0 = Release|Any CPU
		{2E7ABD05-6D03-4169-8CFA-B4FBCAAD7875}.Debug|Any CPU.ActiveCfg = Debug|Any CPU
		{2E7ABD05-6D03-4169-8CFA-B4FBCAAD7875}.Debug|Any CPU.Build.0 = Debug|Any CPU
		{2E7ABD05-6D03-4169-8CFA-B4FBCAAD7875}.Release|Any CPU.ActiveCfg = Release|Any CPU
		{2E7ABD05-6D03-4169-8CFA-B4FBCAAD7875}.Release|Any CPU.Build.0 = Release|Any CPU
	EndGlobalSection
	GlobalSection(SolutionProperties) = preSolution
		HideSolutionNode = FALSE
	EndGlobalSection
EndGlobal
